
Microsoft Visual Studio Solution File, Format Version 12.00
# Visual Studio 15
VisualStudioVersion = 15.0.27428.2015
MinimumVisualStudioVersion = 10.0.40219.1
Project("{FAE04EC0-301F-11D3-BF4B-00C04F79EFBC}") = "WindowsFormsApp4", "WindowsFormsApp4\WindowsFormsApp4.csproj", "{1B98DEE5-E058-4D38-8DC6-6F7B0762D4B1}"
EndProject
Project("{FAE04EC0-301F-11D3-BF4B-00C04F79EFBC}") = "WindowsFormsApp1", "WindowsFormsApp1\WindowsFormsApp1.csproj", "{BDE0BABE-A0AF-4B2F-976B-C0BDB2CB393E}"
EndProject
Global
	GlobalSection(SolutionConfigurationPlatforms) = preSolution
		Debug|Any CPU = Debug|Any CPU
		Release|Any CPU = Release|Any CPU
	EndGlobalSection
	GlobalSection(ProjectConfigurationPlatforms) = postSolution
		{1B98DEE5-E058-4D38-8DC6-6F7B0762D4B1}.Debug|Any CPU.ActiveCfg = Debug|Any CPU
		{1B98DEE5-E058-4D38-8DC6-6F7B0762D4B1}.Debug|Any CPU.Build.0 = Debug|Any CPU
		{1B98DEE5-E058-4D38-8DC6-6F7B0762D4B1}.Release|Any CPU.ActiveCfg = Release|Any CPU
		{1B98DEE5-E058-4D38-8DC6-6F7B0762D4B1}.Release|Any CPU.Build.0 = Release|Any CPU
		{BDE0BABE-A0AF-4B2F-976B-C0BDB2CB393E}.Debug|Any CPU.ActiveCfg = Debug|Any CPU
		{BDE0BABE-A0AF-4B2F-976B-C0BDB2CB393E}.Debug|Any CPU.Build.0 = Debug|Any CPU
		{BDE0BABE-A0AF-4B2F-976B-C0BDB2CB393E}.Release|Any CPU.ActiveCfg = Release|Any CPU
		{BDE0BABE-A0AF-4B2F-976B-C0BDB2CB393E}.Release|Any CPU.Build.0 = Release|Any CPU
	EndGlobalSection
	GlobalSection(SolutionProperties) = preSolution
		HideSolutionNode = FALSE
	EndGlobalSection
	GlobalSection(ExtensibilityGlobals) = postSolution
		SolutionGuid = {45828869-808A-46DB-AF8F-2E36C8C5AE66}
	EndGlobalSection
EndGlobal
